{
  "name": "univfinder-site",
  "lockfileVersion": 3,
  "requires": true,
  "packages": {
    "": {
      "name": "univfinder-site",
      "devDependencies": {
        "@babel/standalone": "^7.29.7"
      }
    },
    "node_modules/@babel/standalone": {
      "version": "7.29.7",
      "resolved": "https://registry.npmjs.org/@babel/standalone/-/standalone-7.29.7.tgz",
      "integrity": "sha512-oFh9XoGL20UuHIeIuBQHOvF7r2dOCRnZW0r4SageGb9SWnt6HhbuPLREykNaEnP7/SRpMUwr50SSMJLrmeHvnQ==",
      "dev": true,
      "license": "MIT",
      "engines": {
        "node": ">=6.9.0"
      }
    }
  }
}
